// !$*UTF8*$!
{
	archiveVersion = 1;
	classes = {
	};
	objectVersion = 77;
	objects = {

/* Begin PBXBuildFile section */
		6F2A6DA52EB1C0DE0093400A /* Alamofire in Frameworks */ = {isa = PBXBuildFile; productRef = 6F2A6DA42EB1C0DE0093400A /* Alamofire */; };
		F2D70DA32EB486680015112D /* QuickPoseCamera in Frameworks */ = {isa = PBXBuildFile; productRef = F2D70DA22EB486680015112D /* QuickPoseCamera */; };
		F2D70DA52EB486680015112D /* QuickPoseCore in Frameworks */ = {isa = PBXBuildFile; productRef = F2D70DA42EB486680015112D /* QuickPoseCore */; };
		F2D70DA72EB486680015112D /* QuickPoseMP in Frameworks */ = {isa = PBXBuildFile; productRef = F2D70DA62EB486680015112D /* QuickPoseMP */; };
		F2D70DA92EB486680015112D /* QuickPoseSwiftUI in Frameworks */ = {isa = PBXBuildFile; productRef = F2D70DA82EB486680015112D /* QuickPoseSwiftUI */; };
/* End PBXBuildFile section */

/* Begin PBXContainerItemProxy section */
		F2D70FC32EB842AC0015112D /* PBXContainerItemProxy */ = {
			isa = PBXContainerItemProxy;
			containerPortal = 667CD02F2EA9BF8E00BE40AE /* Project object */;
			proxyType = 1;
			remoteGlobalIDString = 667CD0362EA9BF8E00BE40AE;
			remoteInfo = "ReMotion-FrontEnd";
		};
/* End PBXContainerItemProxy section */

/* Begin PBXCopyFilesBuildPhase section */
		6F2A6DA92EB1C1F80093400A /* Embed Frameworks */ = {
			isa = PBXCopyFilesBuildPhase;
			buildActionMask = 2147483647;
			dstPath = "";
			dstSubfolderSpec = 10;
			files = (
			);
			name = "Embed Frameworks";
			runOnlyForDeploymentPostprocessing = 0;
		};
/* End PBXCopyFilesBuildPhase section */

/* Begin PBXFileReference section */
		667CD0372EA9BF8F00BE40AE /* ReMotion-FrontEnd.app */ = {isa = PBXFileReference; explicitFileType = wrapper.application; includeInIndex = 0; path = "ReMotion-FrontEnd.app"; sourceTree = BUILT_PRODUCTS_DIR; };
		F2D70FBF2EB842AC0015112D /* ReMotion-FrontEndTests.xctest */ = {isa = PBXFileReference; explicitFileType = wrapper.cfbundle; includeInIndex = 0; path = "ReMotion-FrontEndTests.xctest"; sourceTree = BUILT_PRODUCTS_DIR; };
/* End PBXFileReference section */

/* Begin PBXFileSystemSynchronizedRootGroup section */
		667CD0392EA9BF8F00BE40AE /* ReMotion-FrontEnd */ = {
			isa = PBXFileSystemSynchronizedRootGroup;
			path = "ReMotion-FrontEnd";
			sourceTree = "<group>";
		};
		F2D70FC02EB842AC0015112D /* ReMotion-FrontEndTests */ = {
			isa = PBXFileSystemSynchronizedRootGroup;
			path = "ReMotion-FrontEndTests";
			sourceTree = "<group>";
		};
/* End PBXFileSystemSynchronizedRootGroup section */

/* Begin PBXFrameworksBuildPhase section */
		667CD0342EA9BF8E00BE40AE /* Frameworks */ = {
			isa = PBXFrameworksBuildPhase;
			buildActionMask = 2147483647;
			files = (
				F2D70DA92EB486680015112D /* QuickPoseSwiftUI in Frameworks */,
				F2D70DA72EB486680015112D /* QuickPoseMP in Frameworks */,
				F2D70DA32EB486680015112D /* QuickPoseCamera in Frameworks */,
				6F2A6DA52EB1C0DE0093400A /* Alamofire in Frameworks */,
				F2D70DA52EB486680015112D /* QuickPoseCore in Frameworks */,
			);
			runOnlyForDeploymentPostprocessing = 0;
		};
		F2D70FBC2EB842AC0015112D /* Frameworks */ = {
			isa = PBXFrameworksBuildPhase;
			buildActionMask = 2147483647;
			files = (
			);
			runOnlyForDeploymentPostprocessing = 0;
		};
/* End PBXFrameworksBuildPhase section */

/* Begin PBXGroup section */
		667CD02E2EA9BF8E00BE40AE = {
			isa = PBXGroup;
			children = (
				667CD0392EA9BF8F00BE40AE /* ReMotion-FrontEnd */,
				F2D70FC02EB842AC0015112D /* ReMotion-FrontEndTests */,
				667CD0382EA9BF8F00BE40AE /* Products */,
			);
			sourceTree = "<group>";
		};
		667CD0382EA9BF8F00BE40AE /* Products */ = {
			isa = PBXGroup;
			children = (
				667CD0372EA9BF8F00BE40AE /* ReMotion-FrontEnd.app */,
				F2D70FBF2EB842AC0015112D /* ReMotion-FrontEndTests.xctest */,
			);
			name = Products;
			sourceTree = "<group>";
		};
/* End PBXGroup section */

/* Begin PBXNativeTarget section */
		667CD0362EA9BF8E00BE40AE /* ReMotion-FrontEnd */ = {
			isa = PBXNativeTarget;
			buildConfigurationList = 667CD0422EA9BF9000BE40AE /* Build configuration list for PBXNativeTarget "ReMotion-FrontEnd" */;
			buildPhases = (
				667CD0332EA9BF8E00BE40AE /* Sources */,
				667CD0342EA9BF8E00BE40AE /* Frameworks */,
				667CD0352EA9BF8E00BE40AE /* Resources */,
				6F2A6DA92EB1C1F80093400A /* Embed Frameworks */,
			);
			buildRules = (
			);
			dependencies = (
			);
			fileSystemSynchronizedGroups = (
				667CD0392EA9BF8F00BE40AE /* ReMotion-FrontEnd */,
			);
			name = "ReMotion-FrontEnd";
			packageProductDependencies = (
				6F2A6DA42EB1C0DE0093400A /* Alamofire */,
				F2D70DA22EB486680015112D /* QuickPoseCamera */,
				F2D70DA42EB486680015112D /* QuickPoseCore */,
				F2D70DA62EB486680015112D /* QuickPoseMP */,
				F2D70DA82EB486680015112D /* QuickPoseSwiftUI */,
			);
			productName = "ReMotion-FrontEnd";
			productReference = 667CD0372EA9BF8F00BE40AE /* ReMotion-FrontEnd.app */;
			productType = "com.apple.product-type.application";
		};
		F2D70FBE2EB842AC0015112D /* ReMotion-FrontEndTests */ = {
			isa = PBXNativeTarget;
			buildConfigurationList = F2D70FC72EB842AC0015112D /* Build configuration list for PBXNativeTarget "ReMotion-FrontEndTests" */;
			buildPhases = (
				F2D70FBB2EB842AC0015112D /* Sources */,
				F2D70FBC2EB842AC0015112D /* Frameworks */,
				F2D70FBD2EB842AC0015112D /* Resources */,
			);
			buildRules = (
			);
			dependencies = (
				F2D70FC42EB842AC0015112D /* PBXTargetDependency */,
			);
			fileSystemSynchronizedGroups = (
				F2D70FC02EB842AC0015112D /* ReMotion-FrontEndTests */,
			);
			name = "ReMotion-FrontEndTests";
			packageProductDependencies = (
			);
			productName = "ReMotion-FrontEndTests";
			productReference = F2D70FBF2EB842AC0015112D /* ReMotion-FrontEndTests.xctest */;
			productType = "com.apple.product-type.bundle.unit-test";
		};
/* End PBXNativeTarget section */

/* Begin PBXProject section */
		667CD02F2EA9BF8E00BE40AE /* Project object */ = {
			isa = PBXProject;
			attributes = {
				BuildIndependentTargetsInParallel = 1;
				LastSwiftUpdateCheck = 2600;
				LastUpgradeCheck = 2600;
				TargetAttributes = {
					667CD0362EA9BF8E00BE40AE = {
						CreatedOnToolsVersion = 26.0.1;
					};
					F2D70FBE2EB842AC0015112D = {
						CreatedOnToolsVersion = 26.0.1;
						TestTargetID = 667CD0362EA9BF8E00BE40AE;
					};
				};
			};
			buildConfigurationList = 667CD0322EA9BF8E00BE40AE /* Build configuration list for PBXProject "ReMotion-FrontEnd" */;
			developmentRegion = en;
			hasScannedForEncodings = 0;
			knownRegions = (
				en,
				Base,
			);
			mainGroup = 667CD02E2EA9BF8E00BE40AE;
			minimizedProjectReferenceProxies = 1;
			packageReferences = (
				6F2A6DA32EB1C0DE0093400A /* XCRemoteSwiftPackageReference "Alamofire" */,
				F2D70DA12EB486680015112D /* XCRemoteSwiftPackageReference "quickpose-ios-sdk" */,
			);
			preferredProjectObjectVersion = 77;
			productRefGroup = 667CD0382EA9BF8F00BE40AE /* Products */;
			projectDirPath = "";
			projectRoot = "";
			targets = (
				667CD0362EA9BF8E00BE40AE /* ReMotion-FrontEnd */,
				F2D70FBE2EB842AC0015112D /* ReMotion-FrontEndTests */,
			);
		};
/* End PBXProject section */

/* Begin PBXResourcesBuildPhase section */
		667CD0352EA9BF8E00BE40AE /* Resources */ = {
			isa = PBXResourcesBuildPhase;
			buildActionMask = 2147483647;
			files = (
			);
			runOnlyForDeploymentPostprocessing = 0;
		};
		F2D70FBD2EB842AC0015112D /* Resources */ = {
			isa = PBXResourcesBuildPhase;
			buildActionMask = 2147483647;
			files = (
			);
			runOnlyForDeploymentPostprocessing = 0;
		};
/* End PBXResourcesBuildPhase section */

/* Begin PBXSourcesBuildPhase section */
		667CD0332EA9BF8E00BE40AE /* Sources */ = {
			isa = PBXSourcesBuildPhase;
			buildActionMask = 2147483647;
			files = (
			);
			runOnlyForDeploymentPostprocessing = 0;
		};
		F2D70FBB2EB842AC0015112D /* Sources */ = {
			isa = PBXSourcesBuildPhase;
			buildActionMask = 2147483647;
			files = (
			);
			runOnlyForDeploymentPostprocessing = 0;
		};
/* End PBXSourcesBuildPhase section */

/* Begin PBXTargetDependency section */
		F2D70FC42EB842AC0015112D /* PBXTargetDependency */ = {
			isa = PBXTargetDependency;
			target = 667CD0362EA9BF8E00BE40AE /* ReMotion-FrontEnd */;
			targetProxy = F2D70FC32EB842AC0015112D /* PBXContainerItemProxy */;
		};
/* End PBXTargetDependency section */

/* Begin XCBuildConfiguration section */
		667CD0402EA9BF9000BE40AE /* Debug */ = {
			isa = XCBuildConfiguration;
			buildSettings = {
				ALWAYS_SEARCH_USER_PATHS = NO;
				ASSETCATALOG_COMPILER_GENERATE_SWIFT_ASSET_SYMBOL_EXTENSIONS = YES;
				CLANG_ANALYZER_NONNULL = YES;
				CLANG_ANALYZER_NUMBER_OBJECT_CONVERSION = YES_AGGRESSIVE;
				CLANG_CXX_LANGUAGE_STANDARD = "gnu++20";
				CLANG_ENABLE_MODULES = YES;
				CLANG_ENABLE_OBJC_ARC = YES;
				CLANG_ENABLE_OBJC_WEAK = YES;
				CLANG_WARN_BLOCK_CAPTURE_AUTORELEASING = YES;
				CLANG_WARN_BOOL_CONVERSION = YES;
				CLANG_WARN_COMMA = YES;
				CLANG_WARN_CONSTANT_CONVERSION = YES;
				CLANG_WARN_DEPRECATED_OBJC_IMPLEMENTATIONS = YES;
				CLANG_WARN_DIRECT_OBJC_ISA_USAGE = YES_ERROR;
				CLANG_WARN_DOCUMENTATION_COMMENTS = YES;
				CLANG_WARN_EMPTY_BODY = YES;
				CLANG_WARN_ENUM_CONVERSION = YES;
				CLANG_WARN_INFINITE_RECURSION = YES;
				CLANG_WARN_INT_CONVERSION = YES;
				CLANG_WARN_NON_LITERAL_NULL_CONVERSION = YES;
				CLANG_WARN_OBJC_IMPLICIT_RETAIN_SELF = YES;
				CLANG_WARN_OBJC_LITERAL_CONVERSION = YES;
				CLANG_WARN_OBJC_ROOT_CLASS = YES_ERROR;
				CLANG_WARN_QUOTED_INCLUDE_IN_FRAMEWORK_HEADER = YES;
				CLANG_WARN_RANGE_LOOP_ANALYSIS = YES;
				CLANG_WARN_STRICT_PROTOTYPES = YES;
				CLANG_WARN_SUSPICIOUS_MOVE = YES;
				CLANG_WARN_UNGUARDED_AVAILABILITY = YES_AGGRESSIVE;
				CLANG_WARN_UNREACHABLE_CODE = YES;
				CLANG_WARN__DUPLICATE_METHOD_MATCH = YES;
				COPY_PHASE_STRIP = NO;
				DEBUG_INFORMATION_FORMAT = dwarf;
				DEVELOPMENT_TEAM = 9QV95FA5Z5;
				ENABLE_STRICT_OBJC_MSGSEND = YES;
				ENABLE_TESTABILITY = YES;
				ENABLE_USER_SCRIPT_SANDBOXING = YES;
				GCC_C_LANGUAGE_STANDARD = gnu17;
				GCC_DYNAMIC_NO_PIC = NO;
				GCC_NO_COMMON_BLOCKS = YES;
				GCC_OPTIMIZATION_LEVEL = 0;
				GCC_PREPROCESSOR_DEFINITIONS = (
					"DEBUG=1",
					"$(inherited)",
				);
				GCC_WARN_64_TO_32_BIT_CONVERSION = YES;
				GCC_WARN_ABOUT_RETURN_TYPE = YES_ERROR;
				GCC_WARN_UNDECLARED_SELECTOR = YES;
				GCC_WARN_UNINITIALIZED_AUTOS = YES_AGGRESSIVE;
				GCC_WARN_UNUSED_FUNCTION = YES;
				GCC_WARN_UNUSED_VARIABLE = YES;
				IPHONEOS_DEPLOYMENT_TARGET = 26.0;
				LOCALIZATION_PREFERS_STRING_CATALOGS = YES;
				MTL_ENABLE_DEBUG_INFO = INCLUDE_SOURCE;
				MTL_FAST_MATH = YES;
				ONLY_ACTIVE_ARCH = YES;
				SDKROOT = iphoneos;
				SWIFT_ACTIVE_COMPILATION_CONDITIONS = "DEBUG $(inherited)";
				SWIFT_OPTIMIZATION_LEVEL = "-Onone";
			};
			name = Debug;
		};
		667CD0412EA9BF9000BE40AE /* Release */ = {
			isa = XCBuildConfiguration;
			buildSettings = {
				ALWAYS_SEARCH_USER_PATHS = NO;
				ASSETCATALOG_COMPILER_GENERATE_SWIFT_ASSET_SYMBOL_EXTENSIONS = YES;
				CLANG_ANALYZER_NONNULL = YES;
				CLANG_ANALYZER_NUMBER_OBJECT_CONVERSION = YES_AGGRESSIVE;
				CLANG_CXX_LANGUAGE_STANDARD = "gnu++20";
				CLANG_ENABLE_MODULES = YES;
				CLANG_ENABLE_OBJC_ARC = YES;
				CLANG_ENABLE_OBJC_WEAK = YES;
				CLANG_WARN_BLOCK_CAPTURE_AUTORELEASING = YES;
				CLANG_WARN_BOOL_CONVERSION = YES;
				CLANG_WARN_COMMA = YES;
				CLANG_WARN_CONSTANT_CONVERSION = YES;
				CLANG_WARN_DEPRECATED_OBJC_IMPLEMENTATIONS = YES;
				CLANG_WARN_DIRECT_OBJC_ISA_USAGE = YES_ERROR;
				CLANG_WARN_DOCUMENTATION_COMMENTS = YES;
				CLANG_WARN_EMPTY_BODY = YES;
				CLANG_WARN_ENUM_CONVERSION = YES;
				CLANG_WARN_INFINITE_RECURSION = YES;
				CLANG_WARN_INT_CONVERSION = YES;
				CLANG_WARN_NON_LITERAL_NULL_CONVERSION = YES;
				CLANG_WARN_OBJC_IMPLICIT_RETAIN_SELF = YES;
				CLANG_WARN_OBJC_LITERAL_CONVERSION = YES;
				CLANG_WARN_OBJC_ROOT_CLASS = YES_ERROR;
				CLANG_WARN_QUOTED_INCLUDE_IN_FRAMEWORK_HEADER = YES;
				CLANG_WARN_RANGE_LOOP_ANALYSIS = YES;
				CLANG_WARN_STRICT_PROTOTYPES = YES;
				CLANG_WARN_SUSPICIOUS_MOVE = YES;
				CLANG_WARN_UNGUARDED_AVAILABILITY = YES_AGGRESSIVE;
				CLANG_WARN_UNREACHABLE_CODE = YES;
				CLANG_WARN__DUPLICATE_METHOD_MATCH = YES;
				COPY_PHASE_STRIP = NO;
				DEBUG_INFORMATION_FORMAT = "dwarf-with-dsym";
				DEVELOPMENT_TEAM = 9QV95FA5Z5;
				ENABLE_NS_ASSERTIONS = NO;
				ENABLE_STRICT_OBJC_MSGSEND = YES;
				ENABLE_USER_SCRIPT_SANDBOXING = YES;
				GCC_C_LANGUAGE_STANDARD = gnu17;
				GCC_NO_COMMON_BLOCKS = YES;
				GCC_WARN_64_TO_32_BIT_CONVERSION = YES;
				GCC_WARN_ABOUT_RETURN_TYPE = YES_ERROR;
				GCC_WARN_UNDECLARED_SELECTOR = YES;
				GCC_WARN_UNINITIALIZED_AUTOS = YES_AGGRESSIVE;
				GCC_WARN_UNUSED_FUNCTION = YES;
				GCC_WARN_UNUSED_VARIABLE = YES;
				IPHONEOS_DEPLOYMENT_TARGET = 26.0;
				LOCALIZATION_PREFERS_STRING_CATALOGS = YES;
				MTL_ENABLE_DEBUG_INFO = NO;
				MTL_FAST_MATH = YES;
				SDKROOT = iphoneos;
				SWIFT_COMPILATION_MODE = wholemodule;
				VALIDATE_PRODUCT = YES;
			};
			name = Release;
		};
		667CD0432EA9BF9000BE40AE /* Debug */ = {
			isa = XCBuildConfiguration;
			buildSettings = {
				ASSETCATALOG_COMPILER_APPICON_NAME = AppIcon;
				ASSETCATALOG_COMPILER_GLOBAL_ACCENT_COLOR_NAME = AccentColor;
				CODE_SIGN_IDENTITY = "Apple Development";
				CODE_SIGN_STYLE = Automatic;
				CURRENT_PROJECT_VERSION = 1;
				DEVELOPMENT_TEAM = 539H59P7B7;
				ENABLE_PREVIEWS = YES;
				GENERATE_INFOPLIST_FILE = YES;
				INFOPLIST_KEY_CFBundleDisplayName = ReMotion;
				INFOPLIST_KEY_LSApplicationCategoryType = "public.app-category.healthcare-fitness";
				INFOPLIST_KEY_NSCameraUsageDescription = "Butuh kamera";
				INFOPLIST_KEY_UIApplicationSceneManifest_Generation = YES;
				INFOPLIST_KEY_UIApplicationSupportsIndirectInputEvents = YES;
				INFOPLIST_KEY_UILaunchScreen_Generation = YES;
				INFOPLIST_KEY_UISupportedInterfaceOrientations = "UIInterfaceOrientationLandscapeLeft UIInterfaceOrientationLandscapeRight UIInterfaceOrientationPortrait";
				INFOPLIST_KEY_UISupportedInterfaceOrientations_iPad = "UIInterfaceOrientationLandscapeLeft UIInterfaceOrientationLandscapeRight UIInterfaceOrientationPortrait UIInterfaceOrientationPortraitUpsideDown";
				INFOPLIST_KEY_UIUserInterfaceStyle = Light;
				LD_RUNPATH_SEARCH_PATHS = (
					"$(inherited)",
					"@executable_path/Frameworks",
				);
				MARKETING_VERSION = 1.0;
				PRODUCT_BUNDLE_IDENTIFIER = "test.ReMotion-FrontEnd";
				PRODUCT_NAME = "$(TARGET_NAME)";
				PROVISIONING_PROFILE_SPECIFIER = "";
				STRING_CATALOG_GENERATE_SYMBOLS = YES;
				SWIFT_APPROACHABLE_CONCURRENCY = YES;
				SWIFT_DEFAULT_ACTOR_ISOLATION = MainActor;
				SWIFT_EMIT_LOC_STRINGS = YES;
				SWIFT_UPCOMING_FEATURE_MEMBER_IMPORT_VISIBILITY = YES;
				SWIFT_VERSION = 5.0;
				TARGETED_DEVICE_FAMILY = 2;
			};
			name = Debug;
		};
		667CD0442EA9BF9000BE40AE /* Release */ = {
			isa = XCBuildConfiguration;
			buildSettings = {
				ASSETCATALOG_COMPILER_APPICON_NAME = AppIcon;
				ASSETCATALOG_COMPILER_GLOBAL_ACCENT_COLOR_NAME = AccentColor;
				CODE_SIGN_IDENTITY = "Apple Development";
				CODE_SIGN_STYLE = Automatic;
				CURRENT_PROJECT_VERSION = 1;
				DEVELOPMENT_TEAM = 539H59P7B7;
				ENABLE_PREVIEWS = YES;
				GENERATE_INFOPLIST_FILE = YES;
				INFOPLIST_KEY_CFBundleDisplayName = ReMotion;
				INFOPLIST_KEY_LSApplicationCategoryType = "public.app-category.healthcare-fitness";
				INFOPLIST_KEY_NSCameraUsageDescription = "Butuh kamera";
				INFOPLIST_KEY_UIApplicationSceneManifest_Generation = YES;
				INFOPLIST_KEY_UIApplicationSupportsIndirectInputEvents = YES;
				INFOPLIST_KEY_UILaunchScreen_Generation = YES;
				INFOPLIST_KEY_UISupportedInterfaceOrientations = "UIInterfaceOrientationLandscapeLeft UIInterfaceOrientationLandscapeRight UIInterfaceOrientationPortrait";
				INFOPLIST_KEY_UISupportedInterfaceOrientations_iPad = "UIInterfaceOrientationLandscapeLeft UIInterfaceOrientationLandscapeRight UIInterfaceOrientationPortrait UIInterfaceOrientationPortraitUpsideDown";
				INFOPLIST_KEY_UIUserInterfaceStyle = Light;
				LD_RUNPATH_SEARCH_PATHS = (
					"$(inherited)",
					"@executable_path/Frameworks",
				);
				MARKETING_VERSION = 1.0;
				PRODUCT_BUNDLE_IDENTIFIER = "test.ReMotion-FrontEnd";
				PRODUCT_NAME = "$(TARGET_NAME)";
				PROVISIONING_PROFILE_SPECIFIER = "";
				STRING_CATALOG_GENERATE_SYMBOLS = YES;
				SWIFT_APPROACHABLE_CONCURRENCY = YES;
				SWIFT_DEFAULT_ACTOR_ISOLATION = MainActor;
				SWIFT_EMIT_LOC_STRINGS = YES;
				SWIFT_UPCOMING_FEATURE_MEMBER_IMPORT_VISIBILITY = YES;
				SWIFT_VERSION = 5.0;
				TARGETED_DEVICE_FAMILY = 2;
			};
			name = Release;
		};
		F2D70FC52EB842AC0015112D /* Debug */ = {
			isa = XCBuildConfiguration;
			buildSettings = {
				BUNDLE_LOADER = "$(TEST_HOST)";
				CODE_SIGN_STYLE = Automatic;
				CURRENT_PROJECT_VERSION = 1;
				DEVELOPMENT_TEAM = RP5526BVLK;
				GENERATE_INFOPLIST_FILE = YES;
				IPHONEOS_DEPLOYMENT_TARGET = 26.0;
				MACOSX_DEPLOYMENT_TARGET = 26.0;
				MARKETING_VERSION = 1.0;
				PRODUCT_BUNDLE_IDENTIFIER = "personal.ReMotion-FrontEndTests";
				PRODUCT_NAME = "$(TARGET_NAME)";
				SDKROOT = auto;
				STRING_CATALOG_GENERATE_SYMBOLS = NO;
				SUPPORTED_PLATFORMS = "iphoneos iphonesimulator macosx xros xrsimulator";
				SWIFT_APPROACHABLE_CONCURRENCY = YES;
				SWIFT_EMIT_LOC_STRINGS = NO;
				SWIFT_UPCOMING_FEATURE_MEMBER_IMPORT_VISIBILITY = YES;
				SWIFT_VERSION = 5.0;
				TARGETED_DEVICE_FAMILY = "1,2,7";
				TEST_HOST = "$(BUILT_PRODUCTS_DIR)/ReMotion-FrontEnd.app/$(BUNDLE_EXECUTABLE_FOLDER_PATH)/ReMotion-FrontEnd";
				XROS_DEPLOYMENT_TARGET = 26.0;
			};
			name = Debug;
		};
		F2D70FC62EB842AC0015112D /* Release */ = {
			isa = XCBuildConfiguration;
			buildSettings = {
				BUNDLE_LOADER = "$(TEST_HOST)";
				CODE_SIGN_STYLE = Automatic;
				CURRENT_PROJECT_VERSION = 1;
				DEVELOPMENT_TEAM = RP5526BVLK;
				GENERATE_INFOPLIST_FILE = YES;
				IPHONEOS_DEPLOYMENT_TARGET = 26.0;
				MACOSX_DEPLOYMENT_TARGET = 26.0;
				MARKETING_VERSION = 1.0;
				PRODUCT_BUNDLE_IDENTIFIER = "personal.ReMotion-FrontEndTests";
				PRODUCT_NAME = "$(TARGET_NAME)";
				SDKROOT = auto;
				STRING_CATALOG_GENERATE_SYMBOLS = NO;
				SUPPORTED_PLATFORMS = "iphoneos iphonesimulator macosx xros xrsimulator";
				SWIFT_APPROACHABLE_CONCURRENCY = YES;
				SWIFT_EMIT_LOC_STRINGS = NO;
				SWIFT_UPCOMING_FEATURE_MEMBER_IMPORT_VISIBILITY = YES;
				SWIFT_VERSION = 5.0;
				TARGETED_DEVICE_FAMILY = "1,2,7";
				TEST_HOST = "$(BUILT_PRODUCTS_DIR)/ReMotion-FrontEnd.app/$(BUNDLE_EXECUTABLE_FOLDER_PATH)/ReMotion-FrontEnd";
				XROS_DEPLOYMENT_TARGET = 26.0;
			};
			name = Release;
		};
/* End XCBuildConfiguration section */

/* Begin XCConfigurationList section */
		667CD0322EA9BF8E00BE40AE /* Build configuration list for PBXProject "ReMotion-FrontEnd" */ = {
			isa = XCConfigurationList;
			buildConfigurations = (
				667CD0402EA9BF9000BE40AE /* Debug */,
				667CD0412EA9BF9000BE40AE /* Release */,
			);
			defaultConfigurationIsVisible = 0;
			defaultConfigurationName = Release;
		};
		667CD0422EA9BF9000BE40AE /* Build configuration list for PBXNativeTarget "ReMotion-FrontEnd" */ = {
			isa = XCConfigurationList;
			buildConfigurations = (
				667CD0432EA9BF9000BE40AE /* Debug */,
				667CD0442EA9BF9000BE40AE /* Release */,
			);
			defaultConfigurationIsVisible = 0;
			defaultConfigurationName = Release;
		};
		F2D70FC72EB842AC0015112D /* Build configuration list for PBXNativeTarget "ReMotion-FrontEndTests" */ = {
			isa = XCConfigurationList;
			buildConfigurations = (
				F2D70FC52EB842AC0015112D /* Debug */,
				F2D70FC62EB842AC0015112D /* Release */,
			);
			defaultConfigurationIsVisible = 0;
			defaultConfigurationName = Release;
		};
/* End XCConfigurationList section */

/* Begin XCRemoteSwiftPackageReference section */
		6F2A6DA32EB1C0DE0093400A /* XCRemoteSwiftPackageReference "Alamofire" */ = {
			isa = XCRemoteSwiftPackageReference;
			repositoryURL = "https://github.com/Alamofire/Alamofire.git";
			requirement = {
				kind = upToNextMajorVersion;
				minimumVersion = 5.10.2;
			};
		};
		F2D70DA12EB486680015112D /* XCRemoteSwiftPackageReference "quickpose-ios-sdk" */ = {
			isa = XCRemoteSwiftPackageReference;
			repositoryURL = "https://github.com/quickpose/quickpose-ios-sdk.git";
			requirement = {
				branch = main;
				kind = branch;
			};
		};
/* End XCRemoteSwiftPackageReference section */

/* Begin XCSwiftPackageProductDependency section */
		6F2A6DA42EB1C0DE0093400A /* Alamofire */ = {
			isa = XCSwiftPackageProductDependency;
			package = 6F2A6DA32EB1C0DE0093400A /* XCRemoteSwiftPackageReference "Alamofire" */;
			productName = Alamofire;
		};
		F2D70DA22EB486680015112D /* QuickPoseCamera */ = {
			isa = XCSwiftPackageProductDependency;
			package = F2D70DA12EB486680015112D /* XCRemoteSwiftPackageReference "quickpose-ios-sdk" */;
			productName = QuickPoseCamera;
		};
		F2D70DA42EB486680015112D /* QuickPoseCore */ = {
			isa = XCSwiftPackageProductDependency;
			package = F2D70DA12EB486680015112D /* XCRemoteSwiftPackageReference "quickpose-ios-sdk" */;
			productName = QuickPoseCore;
		};
		F2D70DA62EB486680015112D /* QuickPoseMP */ = {
			isa = XCSwiftPackageProductDependency;
			package = F2D70DA12EB486680015112D /* XCRemoteSwiftPackageReference "quickpose-ios-sdk" */;
			productName = QuickPoseMP;
		};
		F2D70DA82EB486680015112D /* QuickPoseSwiftUI */ = {
			isa = XCSwiftPackageProductDependency;
			package = F2D70DA12EB486680015112D /* XCRemoteSwiftPackageReference "quickpose-ios-sdk" */;
			productName = QuickPoseSwiftUI;
		};
/* End XCSwiftPackageProductDependency section */
	};
	rootObject = 667CD02F2EA9BF8E00BE40AE /* Project object */;
}
